
Microsoft Visual Studio Solution File, Format Version 10.00
# Visual Studio 2008
Project("{FAE04EC0-301F-11D3-BF4B-00C04F79EFBC}") = "OperatorConsole", "OperatorConsole\OperatorConsole.csproj", "{D9CDB4A6-D45C-46FA-8D61-2CE58D42005A}"
EndProject
Project("{54435603-DBB4-11D2-8724-00A0C9A8B90C}") = "Installer", "OperatorConsole\Installer\Installer.vdproj", "{2ACD33B5-5B9D-48CD-830E-12060CC25216}"
EndProject
Global
	GlobalSection(SolutionConfigurationPlatforms) = preSolution
		Debug|Any CPU = Debug|Any CPU
		Release|Any CPU = Release|Any CPU
	EndGlobalSection
	GlobalSection(ProjectConfigurationPlatforms) = postSolution
		{D9CDB4A6-D45C-46FA-8D61-2CE58D42005A}.Debug|Any CPU.ActiveCfg = Debug|Any CPU
		{D9CDB4A6-D45C-46FA-8D61-2CE58D42005A}.Debug|Any CPU.Build.0 = Debug|Any CPU
		{D9CDB4A6-D45C-46FA-8D61-2CE58D42005A}.Release|Any CPU.ActiveCfg = Release|Any CPU
		{D9CDB4A6-D45C-46FA-8D61-2CE58D42005A}.Release|Any CPU.Build.0 = Release|Any CPU
		{2ACD33B5-5B9D-48CD-830E-12060CC25216}.Debug|Any CPU.ActiveCfg = Debug
		{2ACD33B5-5B9D-48CD-830E-12060CC25216}.Release|Any CPU.ActiveCfg = Release
	EndGlobalSection
	GlobalSection(SolutionProperties) = preSolution
		HideSolutionNode = FALSE
	EndGlobalSection
EndGlobal
