
Microsoft Visual Studio Solution File, Format Version 10.00
# Visual Studio 2008
Project("{E24C65DC-7377-472B-9ABA-BC803B73C61A}") = "WYGL2", "WYGL2\", "{32CF2F60-988A-4ACB-A7A1-BEF9F80A8133}"
	ProjectSection(WebsiteProperties) = preProject
		TargetFramework = "2.0"
		Debug.AspNetCompiler.VirtualPath = "/WYGL2"
		Debug.AspNetCompiler.PhysicalPath = "WYGL2\"
		Debug.AspNetCompiler.TargetPath = "PrecompiledWeb\WYGL2\"
		Debug.AspNetCompiler.Updateable = "true"
		Debug.AspNetCompiler.ForceOverwrite = "true"
		Debug.AspNetCompiler.FixedNames = "false"
		Debug.AspNetCompiler.Debug = "True"
		Release.AspNetCompiler.VirtualPath = "/WYGL2"
		Release.AspNetCompiler.PhysicalPath = "WYGL2\"
		Release.AspNetCompiler.TargetPath = "PrecompiledWeb\WYGL2\"
		Release.AspNetCompiler.Updateable = "true"
		Release.AspNetCompiler.ForceOverwrite = "true"
		Release.AspNetCompiler.FixedNames = "false"
		Release.AspNetCompiler.Debug = "False"
		VWDPort = "50131"
		DefaultWebSiteLanguage = "Visual C#"
	EndProjectSection
EndProject
Global
	GlobalSection(SolutionConfigurationPlatforms) = preSolution
		Debug|.NET = Debug|.NET
	EndGlobalSection
	GlobalSection(ProjectConfigurationPlatforms) = postSolution
		{32CF2F60-988A-4ACB-A7A1-BEF9F80A8133}.Debug|.NET.ActiveCfg = Debug|.NET
		{32CF2F60-988A-4ACB-A7A1-BEF9F80A8133}.Debug|.NET.Build.0 = Debug|.NET
	EndGlobalSection
	GlobalSection(SolutionProperties) = preSolution
		HideSolutionNode = FALSE
	EndGlobalSection
EndGlobal
