
Microsoft Visual Studio Solution File, Format Version 10.00
# Visual Studio 2008
Project("{E24C65DC-7377-472B-9ABA-BC803B73C61A}") = "ChatService", "ChatService\", "{BC354A16-8AFA-48DA-80D9-EF567886D558}"
	ProjectSection(WebsiteProperties) = preProject
		TargetFramework = "3.5"
		Debug.AspNetCompiler.VirtualPath = "/ChatService"
		Debug.AspNetCompiler.PhysicalPath = "ChatService\"
		Debug.AspNetCompiler.TargetPath = "PrecompiledWeb\ChatService\"
		Debug.AspNetCompiler.Updateable = "true"
		Debug.AspNetCompiler.ForceOverwrite = "true"
		Debug.AspNetCompiler.FixedNames = "false"
		Debug.AspNetCompiler.Debug = "True"
		Release.AspNetCompiler.VirtualPath = "/ChatService"
		Release.AspNetCompiler.PhysicalPath = "ChatService\"
		Release.AspNetCompiler.TargetPath = "PrecompiledWeb\ChatService\"
		Release.AspNetCompiler.Updateable = "true"
		Release.AspNetCompiler.ForceOverwrite = "true"
		Release.AspNetCompiler.FixedNames = "false"
		Release.AspNetCompiler.Debug = "False"
		VWDPort = "1131"
	EndProjectSection
EndProject
Global
	GlobalSection(SolutionConfigurationPlatforms) = preSolution
		Debug|.NET = Debug|.NET
	EndGlobalSection
	GlobalSection(ProjectConfigurationPlatforms) = postSolution
		{BC354A16-8AFA-48DA-80D9-EF567886D558}.Debug|.NET.ActiveCfg = Debug|.NET
		{BC354A16-8AFA-48DA-80D9-EF567886D558}.Debug|.NET.Build.0 = Debug|.NET
	EndGlobalSection
	GlobalSection(SolutionProperties) = preSolution
		HideSolutionNode = FALSE
	EndGlobalSection
EndGlobal
