
Microsoft Visual Studio Solution File, Format Version 10.00
# Visual Studio 2008
Project("{FAE04EC0-301F-11D3-BF4B-00C04F79EFBC}") = "BLL", "BLL\BLL.csproj", "{7C3330D8-935E-4808-8803-6CE5A46D6F90}"
EndProject
Project("{FAE04EC0-301F-11D3-BF4B-00C04F79EFBC}") = "DAL", "DAL\DAL.csproj", "{3A928111-2371-40AD-9D95-062B1AFEAC96}"
EndProject
Project("{E24C65DC-7377-472B-9ABA-BC803B73C61A}") = "Portal", "Portal\", "{92ECFC88-DB34-4D16-A9AA-9D03CACB1C27}"
	ProjectSection(WebsiteProperties) = preProject
		TargetFramework = "2.0"
		ProjectReferences = "{3A928111-2371-40AD-9D95-062B1AFEAC96}|LiveSupport.DAL.dll;{7C3330D8-935E-4808-8803-6CE5A46D6F90}|LiveSupport.BLL.dll;"
		Debug.AspNetCompiler.VirtualPath = "/Portal"
		Debug.AspNetCompiler.PhysicalPath = "Portal\"
		Debug.AspNetCompiler.TargetPath = "PrecompiledWeb\Portal\"
		Debug.AspNetCompiler.Updateable = "true"
		Debug.AspNetCompiler.ForceOverwrite = "true"
		Debug.AspNetCompiler.FixedNames = "false"
		Debug.AspNetCompiler.Debug = "True"
		Release.AspNetCompiler.VirtualPath = "/Portal"
		Release.AspNetCompiler.PhysicalPath = "Portal\"
		Release.AspNetCompiler.TargetPath = "PrecompiledWeb\Portal\"
		Release.AspNetCompiler.Updateable = "true"
		Release.AspNetCompiler.ForceOverwrite = "true"
		Release.AspNetCompiler.FixedNames = "false"
		Release.AspNetCompiler.Debug = "False"
		VWDPort = "1220"
	EndProjectSection
EndProject
Project("{E24C65DC-7377-472B-9ABA-BC803B73C61A}") = "LiveChat", "LiveChat\", "{C4903BEF-9491-492A-AC4A-8244790DAFE3}"
	ProjectSection(WebsiteProperties) = preProject
		TargetFramework = "3.5"
		Debug.AspNetCompiler.VirtualPath = "/LiveChat"
		Debug.AspNetCompiler.PhysicalPath = "LiveChat\"
		Debug.AspNetCompiler.TargetPath = "PrecompiledWeb\LiveChat\"
		Debug.AspNetCompiler.Updateable = "true"
		Debug.AspNetCompiler.ForceOverwrite = "true"
		Debug.AspNetCompiler.FixedNames = "false"
		Debug.AspNetCompiler.Debug = "True"
		Release.AspNetCompiler.VirtualPath = "/LiveChat"
		Release.AspNetCompiler.PhysicalPath = "LiveChat\"
		Release.AspNetCompiler.TargetPath = "PrecompiledWeb\LiveChat\"
		Release.AspNetCompiler.Updateable = "true"
		Release.AspNetCompiler.ForceOverwrite = "true"
		Release.AspNetCompiler.FixedNames = "false"
		Release.AspNetCompiler.Debug = "False"
		VWDPort = "1497"
	EndProjectSection
EndProject
Project("{FAE04EC0-301F-11D3-BF4B-00C04F79EFBC}") = "OperatorConsole", "OperatorConsole\OperatorConsole.csproj", "{D9CDB4A6-D45C-46FA-8D61-2CE58D42005A}"
EndProject
Global
	GlobalSection(SolutionConfigurationPlatforms) = preSolution
		Debug|.NET = Debug|.NET
		Debug|Any CPU = Debug|Any CPU
		Debug|Mixed Platforms = Debug|Mixed Platforms
		Release|.NET = Release|.NET
		Release|Any CPU = Release|Any CPU
		Release|Mixed Platforms = Release|Mixed Platforms
	EndGlobalSection
	GlobalSection(ProjectConfigurationPlatforms) = postSolution
		{7C3330D8-935E-4808-8803-6CE5A46D6F90}.Debug|.NET.ActiveCfg = Debug|Any CPU
		{7C3330D8-935E-4808-8803-6CE5A46D6F90}.Debug|Any CPU.ActiveCfg = Debug|Any CPU
		{7C3330D8-935E-4808-8803-6CE5A46D6F90}.Debug|Any CPU.Build.0 = Debug|Any CPU
		{7C3330D8-935E-4808-8803-6CE5A46D6F90}.Debug|Mixed Platforms.ActiveCfg = Debug|Any CPU
		{7C3330D8-935E-4808-8803-6CE5A46D6F90}.Debug|Mixed Platforms.Build.0 = Debug|Any CPU
		{7C3330D8-935E-4808-8803-6CE5A46D6F90}.Release|.NET.ActiveCfg = Release|Any CPU
		{7C3330D8-935E-4808-8803-6CE5A46D6F90}.Release|Any CPU.ActiveCfg = Release|Any CPU
		{7C3330D8-935E-4808-8803-6CE5A46D6F90}.Release|Any CPU.Build.0 = Release|Any CPU
		{7C3330D8-935E-4808-8803-6CE5A46D6F90}.Release|Mixed Platforms.ActiveCfg = Release|Any CPU
		{7C3330D8-935E-4808-8803-6CE5A46D6F90}.Release|Mixed Platforms.Build.0 = Release|Any CPU
		{3A928111-2371-40AD-9D95-062B1AFEAC96}.Debug|.NET.ActiveCfg = Debug|Any CPU
		{3A928111-2371-40AD-9D95-062B1AFEAC96}.Debug|Any CPU.ActiveCfg = Debug|Any CPU
		{3A928111-2371-40AD-9D95-062B1AFEAC96}.Debug|Any CPU.Build.0 = Debug|Any CPU
		{3A928111-2371-40AD-9D95-062B1AFEAC96}.Debug|Mixed Platforms.ActiveCfg = Debug|Any CPU
		{3A928111-2371-40AD-9D95-062B1AFEAC96}.Debug|Mixed Platforms.Build.0 = Debug|Any CPU
		{3A928111-2371-40AD-9D95-062B1AFEAC96}.Release|.NET.ActiveCfg = Release|Any CPU
		{3A928111-2371-40AD-9D95-062B1AFEAC96}.Release|Any CPU.ActiveCfg = Release|Any CPU
		{3A928111-2371-40AD-9D95-062B1AFEAC96}.Release|Any CPU.Build.0 = Release|Any CPU
		{3A928111-2371-40AD-9D95-062B1AFEAC96}.Release|Mixed Platforms.ActiveCfg = Release|Any CPU
		{3A928111-2371-40AD-9D95-062B1AFEAC96}.Release|Mixed Platforms.Build.0 = Release|Any CPU
		{92ECFC88-DB34-4D16-A9AA-9D03CACB1C27}.Debug|.NET.ActiveCfg = Debug|.NET
		{92ECFC88-DB34-4D16-A9AA-9D03CACB1C27}.Debug|.NET.Build.0 = Debug|.NET
		{92ECFC88-DB34-4D16-A9AA-9D03CACB1C27}.Debug|Any CPU.ActiveCfg = Debug|.NET
		{92ECFC88-DB34-4D16-A9AA-9D03CACB1C27}.Debug|Mixed Platforms.ActiveCfg = Debug|.NET
		{92ECFC88-DB34-4D16-A9AA-9D03CACB1C27}.Debug|Mixed Platforms.Build.0 = Debug|.NET
		{92ECFC88-DB34-4D16-A9AA-9D03CACB1C27}.Release|.NET.ActiveCfg = Debug|.NET
		{92ECFC88-DB34-4D16-A9AA-9D03CACB1C27}.Release|.NET.Build.0 = Debug|.NET
		{92ECFC88-DB34-4D16-A9AA-9D03CACB1C27}.Release|Any CPU.ActiveCfg = Debug|.NET
		{92ECFC88-DB34-4D16-A9AA-9D03CACB1C27}.Release|Mixed Platforms.ActiveCfg = Debug|.NET
		{92ECFC88-DB34-4D16-A9AA-9D03CACB1C27}.Release|Mixed Platforms.Build.0 = Debug|.NET
		{C4903BEF-9491-492A-AC4A-8244790DAFE3}.Debug|.NET.ActiveCfg = Debug|.NET
		{C4903BEF-9491-492A-AC4A-8244790DAFE3}.Debug|.NET.Build.0 = Debug|.NET
		{C4903BEF-9491-492A-AC4A-8244790DAFE3}.Debug|Any CPU.ActiveCfg = Debug|.NET
		{C4903BEF-9491-492A-AC4A-8244790DAFE3}.Debug|Mixed Platforms.ActiveCfg = Debug|.NET
		{C4903BEF-9491-492A-AC4A-8244790DAFE3}.Debug|Mixed Platforms.Build.0 = Debug|.NET
		{C4903BEF-9491-492A-AC4A-8244790DAFE3}.Release|.NET.ActiveCfg = Debug|.NET
		{C4903BEF-9491-492A-AC4A-8244790DAFE3}.Release|.NET.Build.0 = Debug|.NET
		{C4903BEF-9491-492A-AC4A-8244790DAFE3}.Release|Any CPU.ActiveCfg = Debug|.NET
		{C4903BEF-9491-492A-AC4A-8244790DAFE3}.Release|Mixed Platforms.ActiveCfg = Debug|.NET
		{C4903BEF-9491-492A-AC4A-8244790DAFE3}.Release|Mixed Platforms.Build.0 = Debug|.NET
		{D9CDB4A6-D45C-46FA-8D61-2CE58D42005A}.Debug|.NET.ActiveCfg = Debug|Any CPU
		{D9CDB4A6-D45C-46FA-8D61-2CE58D42005A}.Debug|Any CPU.ActiveCfg = Debug|Any CPU
		{D9CDB4A6-D45C-46FA-8D61-2CE58D42005A}.Debug|Any CPU.Build.0 = Debug|Any CPU
		{D9CDB4A6-D45C-46FA-8D61-2CE58D42005A}.Debug|Mixed Platforms.ActiveCfg = Debug|Any CPU
		{D9CDB4A6-D45C-46FA-8D61-2CE58D42005A}.Debug|Mixed Platforms.Build.0 = Debug|Any CPU
		{D9CDB4A6-D45C-46FA-8D61-2CE58D42005A}.Release|.NET.ActiveCfg = Release|Any CPU
		{D9CDB4A6-D45C-46FA-8D61-2CE58D42005A}.Release|Any CPU.ActiveCfg = Release|Any CPU
		{D9CDB4A6-D45C-46FA-8D61-2CE58D42005A}.Release|Any CPU.Build.0 = Release|Any CPU
		{D9CDB4A6-D45C-46FA-8D61-2CE58D42005A}.Release|Mixed Platforms.ActiveCfg = Release|Any CPU
		{D9CDB4A6-D45C-46FA-8D61-2CE58D42005A}.Release|Mixed Platforms.Build.0 = Release|Any CPU
	EndGlobalSection
	GlobalSection(SolutionProperties) = preSolution
		HideSolutionNode = FALSE
	EndGlobalSection
EndGlobal
