
Microsoft Visual Studio Solution File, Format Version 10.00
# Visual Studio 2008
Project("{FAE04EC0-301F-11D3-BF4B-00C04F79EFBC}") = "BLL", "BLL\BLL.csproj", "{7C3330D8-935E-4808-8803-6CE5A46D6F90}"
EndProject
Project("{E24C65DC-7377-472B-9ABA-BC803B73C61A}") = "Portal", "Portal\", "{92ECFC88-DB34-4D16-A9AA-9D03CACB1C27}"
	ProjectSection(WebsiteProperties) = preProject
		SccProjectName = "Svn"
		SccAuxPath = "Svn"
		SccLocalPath = "Svn"
		SccProvider = "SubversionScc"
		TargetFramework = "2.0"
		ProjectReferences = "{7C3330D8-935E-4808-8803-6CE5A46D6F90}|LiveSupport.BLL.dll;{3CCD9A10-F4BD-4108-9481-F2F72DD7B183}|LiveSupportDAL.dll;{B075A42B-84C8-4CFE-84B4-BFBF68C3379D}|Model.dll;"
		Debug.AspNetCompiler.VirtualPath = "/Portal"
		Debug.AspNetCompiler.PhysicalPath = "Portal\"
		Debug.AspNetCompiler.TargetPath = "PrecompiledWeb\Portal\"
		Debug.AspNetCompiler.Updateable = "true"
		Debug.AspNetCompiler.ForceOverwrite = "true"
		Debug.AspNetCompiler.FixedNames = "false"
		Debug.AspNetCompiler.Debug = "True"
		Release.AspNetCompiler.VirtualPath = "/Portal"
		Release.AspNetCompiler.PhysicalPath = "Portal\"
		Release.AspNetCompiler.TargetPath = "PrecompiledWeb\Portal\"
		Release.AspNetCompiler.Updateable = "true"
		Release.AspNetCompiler.ForceOverwrite = "true"
		Release.AspNetCompiler.FixedNames = "false"
		Release.AspNetCompiler.Debug = "False"
		VWDPort = "1938"
	EndProjectSection
EndProject
Project("{E24C65DC-7377-472B-9ABA-BC803B73C61A}") = "LiveChat", "LiveChat\", "{C4903BEF-9491-492A-AC4A-8244790DAFE3}"
	ProjectSection(WebsiteProperties) = preProject
		SccProjectName = "Svn"
		SccAuxPath = "Svn"
		SccLocalPath = "Svn"
		SccProvider = "SubversionScc"
		TargetFramework = "2.0"
		ProjectReferences = "{7C3330D8-935E-4808-8803-6CE5A46D6F90}|LiveSupport.BLL.dll;{B075A42B-84C8-4CFE-84B4-BFBF68C3379D}|Model.dll;{3CCD9A10-F4BD-4108-9481-F2F72DD7B183}|LiveSupportDAL.dll;"
		Debug.AspNetCompiler.VirtualPath = "/LiveChat"
		Debug.AspNetCompiler.PhysicalPath = "LiveChat\"
		Debug.AspNetCompiler.TargetPath = "PrecompiledWeb\LiveChat\"
		Debug.AspNetCompiler.Updateable = "true"
		Debug.AspNetCompiler.ForceOverwrite = "true"
		Debug.AspNetCompiler.FixedNames = "false"
		Debug.AspNetCompiler.Debug = "True"
		Release.AspNetCompiler.VirtualPath = "/LiveChat"
		Release.AspNetCompiler.PhysicalPath = "LiveChat\"
		Release.AspNetCompiler.TargetPath = "PrecompiledWeb\LiveChat\"
		Release.AspNetCompiler.Updateable = "true"
		Release.AspNetCompiler.ForceOverwrite = "true"
		Release.AspNetCompiler.FixedNames = "false"
		Release.AspNetCompiler.Debug = "False"
		VWDPort = "3355"
		VWDDynamicPort = "false"
	EndProjectSection
EndProject
Project("{FAE04EC0-301F-11D3-BF4B-00C04F79EFBC}") = "OperatorConsole", "OperatorConsole\OperatorConsole.csproj", "{D9CDB4A6-D45C-46FA-8D61-2CE58D42005A}"
EndProject
Project("{54435603-DBB4-11D2-8724-00A0C9A8B90C}") = "Installer", "OperatorConsole\Installer\Installer.vdproj", "{CA30AB7A-8C6D-49F9-9D5E-0686C8B2F5A9}"
EndProject
Project("{FAE04EC0-301F-11D3-BF4B-00C04F79EFBC}") = "LiveSupportModel", "Model\LiveSupportModel.csproj", "{B075A42B-84C8-4CFE-84B4-BFBF68C3379D}"
EndProject
Project("{FAE04EC0-301F-11D3-BF4B-00C04F79EFBC}") = "LiveSupportDAL", "LiveSupportDAL\LiveSupportDAL.csproj", "{3CCD9A10-F4BD-4108-9481-F2F72DD7B183}"
EndProject
Project("{2150E333-8FDC-42A3-9474-1A3956D46DE8}") = "Common", "Common", "{1C57CE42-4525-4728-A387-666512A30BFC}"
EndProject
Project("{FAE04EC0-301F-11D3-BF4B-00C04F79EFBC}") = "VisualAsterisk.ExceptionManagement", "Common\VisualAsterisk.ExceptionManagement\VisualAsterisk.ExceptionManagement.csproj", "{5DBD653B-6AF4-4CCC-AC23-5A68E848B632}"
EndProject
Project("{FAE04EC0-301F-11D3-BF4B-00C04F79EFBC}") = "IC.Utilities", "Common\IC.Utilities\IC.Utilities.csproj", "{83AC14FA-5D89-42DC-888F-1EB2C675CFE4}"
EndProject
Global
	GlobalSection(SubversionScc) = preSolution
		Svn-Managed = True
		Manager = AnkhSVN - Subversion Support for Visual Studio
	EndGlobalSection
	GlobalSection(SolutionConfigurationPlatforms) = preSolution
		Debug|.NET = Debug|.NET
		Debug|Any CPU = Debug|Any CPU
		Debug|Mixed Platforms = Debug|Mixed Platforms
		Release|.NET = Release|.NET
		Release|Any CPU = Release|Any CPU
		Release|Mixed Platforms = Release|Mixed Platforms
	EndGlobalSection
	GlobalSection(ProjectConfigurationPlatforms) = postSolution
		{7C3330D8-935E-4808-8803-6CE5A46D6F90}.Debug|.NET.ActiveCfg = Debug|Any CPU
		{7C3330D8-935E-4808-8803-6CE5A46D6F90}.Debug|Any CPU.ActiveCfg = Debug|Any CPU
		{7C3330D8-935E-4808-8803-6CE5A46D6F90}.Debug|Any CPU.Build.0 = Debug|Any CPU
		{7C3330D8-935E-4808-8803-6CE5A46D6F90}.Debug|Mixed Platforms.ActiveCfg = Debug|Any CPU
		{7C3330D8-935E-4808-8803-6CE5A46D6F90}.Debug|Mixed Platforms.Build.0 = Debug|Any CPU
		{7C3330D8-935E-4808-8803-6CE5A46D6F90}.Release|.NET.ActiveCfg = Release|Any CPU
		{7C3330D8-935E-4808-8803-6CE5A46D6F90}.Release|Any CPU.ActiveCfg = Release|Any CPU
		{7C3330D8-935E-4808-8803-6CE5A46D6F90}.Release|Any CPU.Build.0 = Release|Any CPU
		{7C3330D8-935E-4808-8803-6CE5A46D6F90}.Release|Mixed Platforms.ActiveCfg = Release|Any CPU
		{7C3330D8-935E-4808-8803-6CE5A46D6F90}.Release|Mixed Platforms.Build.0 = Release|Any CPU
		{92ECFC88-DB34-4D16-A9AA-9D03CACB1C27}.Debug|.NET.ActiveCfg = Debug|.NET
		{92ECFC88-DB34-4D16-A9AA-9D03CACB1C27}.Debug|.NET.Build.0 = Debug|.NET
		{92ECFC88-DB34-4D16-A9AA-9D03CACB1C27}.Debug|Any CPU.ActiveCfg = Debug|.NET
		{92ECFC88-DB34-4D16-A9AA-9D03CACB1C27}.Debug|Mixed Platforms.ActiveCfg = Debug|.NET
		{92ECFC88-DB34-4D16-A9AA-9D03CACB1C27}.Release|.NET.ActiveCfg = Debug|.NET
		{92ECFC88-DB34-4D16-A9AA-9D03CACB1C27}.Release|.NET.Build.0 = Debug|.NET
		{92ECFC88-DB34-4D16-A9AA-9D03CACB1C27}.Release|Any CPU.ActiveCfg = Debug|.NET
		{92ECFC88-DB34-4D16-A9AA-9D03CACB1C27}.Release|Mixed Platforms.ActiveCfg = Debug|.NET
		{92ECFC88-DB34-4D16-A9AA-9D03CACB1C27}.Release|Mixed Platforms.Build.0 = Debug|.NET
		{C4903BEF-9491-492A-AC4A-8244790DAFE3}.Debug|.NET.ActiveCfg = Debug|.NET
		{C4903BEF-9491-492A-AC4A-8244790DAFE3}.Debug|.NET.Build.0 = Debug|.NET
		{C4903BEF-9491-492A-AC4A-8244790DAFE3}.Debug|Any CPU.ActiveCfg = Debug|.NET
		{C4903BEF-9491-492A-AC4A-8244790DAFE3}.Debug|Mixed Platforms.ActiveCfg = Debug|.NET
		{C4903BEF-9491-492A-AC4A-8244790DAFE3}.Debug|Mixed Platforms.Build.0 = Debug|.NET
		{C4903BEF-9491-492A-AC4A-8244790DAFE3}.Release|.NET.ActiveCfg = Debug|.NET
		{C4903BEF-9491-492A-AC4A-8244790DAFE3}.Release|.NET.Build.0 = Debug|.NET
		{C4903BEF-9491-492A-AC4A-8244790DAFE3}.Release|Any CPU.ActiveCfg = Debug|.NET
		{C4903BEF-9491-492A-AC4A-8244790DAFE3}.Release|Mixed Platforms.ActiveCfg = Debug|.NET
		{C4903BEF-9491-492A-AC4A-8244790DAFE3}.Release|Mixed Platforms.Build.0 = Debug|.NET
		{D9CDB4A6-D45C-46FA-8D61-2CE58D42005A}.Debug|.NET.ActiveCfg = Debug|Any CPU
		{D9CDB4A6-D45C-46FA-8D61-2CE58D42005A}.Debug|Any CPU.ActiveCfg = Debug|Any CPU
		{D9CDB4A6-D45C-46FA-8D61-2CE58D42005A}.Debug|Any CPU.Build.0 = Debug|Any CPU
		{D9CDB4A6-D45C-46FA-8D61-2CE58D42005A}.Debug|Mixed Platforms.ActiveCfg = Debug|Any CPU
		{D9CDB4A6-D45C-46FA-8D61-2CE58D42005A}.Debug|Mixed Platforms.Build.0 = Debug|Any CPU
		{D9CDB4A6-D45C-46FA-8D61-2CE58D42005A}.Release|.NET.ActiveCfg = Release|Any CPU
		{D9CDB4A6-D45C-46FA-8D61-2CE58D42005A}.Release|Any CPU.ActiveCfg = Release|Any CPU
		{D9CDB4A6-D45C-46FA-8D61-2CE58D42005A}.Release|Any CPU.Build.0 = Release|Any CPU
		{D9CDB4A6-D45C-46FA-8D61-2CE58D42005A}.Release|Mixed Platforms.ActiveCfg = Release|Any CPU
		{D9CDB4A6-D45C-46FA-8D61-2CE58D42005A}.Release|Mixed Platforms.Build.0 = Release|Any CPU
		{CA30AB7A-8C6D-49F9-9D5E-0686C8B2F5A9}.Debug|.NET.ActiveCfg = Debug
		{CA30AB7A-8C6D-49F9-9D5E-0686C8B2F5A9}.Debug|.NET.Build.0 = Debug
		{CA30AB7A-8C6D-49F9-9D5E-0686C8B2F5A9}.Debug|Any CPU.ActiveCfg = Debug
		{CA30AB7A-8C6D-49F9-9D5E-0686C8B2F5A9}.Debug|Any CPU.Build.0 = Debug
		{CA30AB7A-8C6D-49F9-9D5E-0686C8B2F5A9}.Debug|Mixed Platforms.ActiveCfg = Debug
		{CA30AB7A-8C6D-49F9-9D5E-0686C8B2F5A9}.Release|.NET.ActiveCfg = Release
		{CA30AB7A-8C6D-49F9-9D5E-0686C8B2F5A9}.Release|.NET.Build.0 = Release
		{CA30AB7A-8C6D-49F9-9D5E-0686C8B2F5A9}.Release|Any CPU.ActiveCfg = Release
		{CA30AB7A-8C6D-49F9-9D5E-0686C8B2F5A9}.Release|Any CPU.Build.0 = Release
		{CA30AB7A-8C6D-49F9-9D5E-0686C8B2F5A9}.Release|Mixed Platforms.ActiveCfg = Release
		{CA30AB7A-8C6D-49F9-9D5E-0686C8B2F5A9}.Release|Mixed Platforms.Build.0 = Release
		{B075A42B-84C8-4CFE-84B4-BFBF68C3379D}.Debug|.NET.ActiveCfg = Debug|Any CPU
		{B075A42B-84C8-4CFE-84B4-BFBF68C3379D}.Debug|Any CPU.ActiveCfg = Debug|Any CPU
		{B075A42B-84C8-4CFE-84B4-BFBF68C3379D}.Debug|Any CPU.Build.0 = Debug|Any CPU
		{B075A42B-84C8-4CFE-84B4-BFBF68C3379D}.Debug|Mixed Platforms.ActiveCfg = Debug|Any CPU
		{B075A42B-84C8-4CFE-84B4-BFBF68C3379D}.Debug|Mixed Platforms.Build.0 = Debug|Any CPU
		{B075A42B-84C8-4CFE-84B4-BFBF68C3379D}.Release|.NET.ActiveCfg = Release|Any CPU
		{B075A42B-84C8-4CFE-84B4-BFBF68C3379D}.Release|Any CPU.ActiveCfg = Release|Any CPU
		{B075A42B-84C8-4CFE-84B4-BFBF68C3379D}.Release|Any CPU.Build.0 = Release|Any CPU
		{B075A42B-84C8-4CFE-84B4-BFBF68C3379D}.Release|Mixed Platforms.ActiveCfg = Release|Any CPU
		{B075A42B-84C8-4CFE-84B4-BFBF68C3379D}.Release|Mixed Platforms.Build.0 = Release|Any CPU
		{3CCD9A10-F4BD-4108-9481-F2F72DD7B183}.Debug|.NET.ActiveCfg = Debug|Any CPU
		{3CCD9A10-F4BD-4108-9481-F2F72DD7B183}.Debug|Any CPU.ActiveCfg = Debug|Any CPU
		{3CCD9A10-F4BD-4108-9481-F2F72DD7B183}.Debug|Any CPU.Build.0 = Debug|Any CPU
		{3CCD9A10-F4BD-4108-9481-F2F72DD7B183}.Debug|Mixed Platforms.ActiveCfg = Debug|Any CPU
		{3CCD9A10-F4BD-4108-9481-F2F72DD7B183}.Debug|Mixed Platforms.Build.0 = Debug|Any CPU
		{3CCD9A10-F4BD-4108-9481-F2F72DD7B183}.Release|.NET.ActiveCfg = Release|Any CPU
		{3CCD9A10-F4BD-4108-9481-F2F72DD7B183}.Release|Any CPU.ActiveCfg = Release|Any CPU
		{3CCD9A10-F4BD-4108-9481-F2F72DD7B183}.Release|Any CPU.Build.0 = Release|Any CPU
		{3CCD9A10-F4BD-4108-9481-F2F72DD7B183}.Release|Mixed Platforms.ActiveCfg = Release|Any CPU
		{3CCD9A10-F4BD-4108-9481-F2F72DD7B183}.Release|Mixed Platforms.Build.0 = Release|Any CPU
		{5DBD653B-6AF4-4CCC-AC23-5A68E848B632}.Debug|.NET.ActiveCfg = Debug|Any CPU
		{5DBD653B-6AF4-4CCC-AC23-5A68E848B632}.Debug|Any CPU.ActiveCfg = Debug|Any CPU
		{5DBD653B-6AF4-4CCC-AC23-5A68E848B632}.Debug|Any CPU.Build.0 = Debug|Any CPU
		{5DBD653B-6AF4-4CCC-AC23-5A68E848B632}.Debug|Mixed Platforms.ActiveCfg = Debug|Any CPU
		{5DBD653B-6AF4-4CCC-AC23-5A68E848B632}.Debug|Mixed Platforms.Build.0 = Debug|Any CPU
		{5DBD653B-6AF4-4CCC-AC23-5A68E848B632}.Release|.NET.ActiveCfg = Release|Any CPU
		{5DBD653B-6AF4-4CCC-AC23-5A68E848B632}.Release|Any CPU.ActiveCfg = Release|Any CPU
		{5DBD653B-6AF4-4CCC-AC23-5A68E848B632}.Release|Any CPU.Build.0 = Release|Any CPU
		{5DBD653B-6AF4-4CCC-AC23-5A68E848B632}.Release|Mixed Platforms.ActiveCfg = Release|Any CPU
		{5DBD653B-6AF4-4CCC-AC23-5A68E848B632}.Release|Mixed Platforms.Build.0 = Release|Any CPU
		{83AC14FA-5D89-42DC-888F-1EB2C675CFE4}.Debug|.NET.ActiveCfg = Debug|Any CPU
		{83AC14FA-5D89-42DC-888F-1EB2C675CFE4}.Debug|Any CPU.ActiveCfg = Debug|Any CPU
		{83AC14FA-5D89-42DC-888F-1EB2C675CFE4}.Debug|Any CPU.Build.0 = Debug|Any CPU
		{83AC14FA-5D89-42DC-888F-1EB2C675CFE4}.Debug|Mixed Platforms.ActiveCfg = Debug|Any CPU
		{83AC14FA-5D89-42DC-888F-1EB2C675CFE4}.Debug|Mixed Platforms.Build.0 = Debug|Any CPU
		{83AC14FA-5D89-42DC-888F-1EB2C675CFE4}.Release|.NET.ActiveCfg = Release|Any CPU
		{83AC14FA-5D89-42DC-888F-1EB2C675CFE4}.Release|Any CPU.ActiveCfg = Release|Any CPU
		{83AC14FA-5D89-42DC-888F-1EB2C675CFE4}.Release|Any CPU.Build.0 = Release|Any CPU
		{83AC14FA-5D89-42DC-888F-1EB2C675CFE4}.Release|Mixed Platforms.ActiveCfg = Release|Any CPU
		{83AC14FA-5D89-42DC-888F-1EB2C675CFE4}.Release|Mixed Platforms.Build.0 = Release|Any CPU
	EndGlobalSection
	GlobalSection(SolutionProperties) = preSolution
		HideSolutionNode = FALSE
	EndGlobalSection
	GlobalSection(NestedProjects) = preSolution
		{5DBD653B-6AF4-4CCC-AC23-5A68E848B632} = {1C57CE42-4525-4728-A387-666512A30BFC}
		{83AC14FA-5D89-42DC-888F-1EB2C675CFE4} = {1C57CE42-4525-4728-A387-666512A30BFC}
	EndGlobalSection
EndGlobal
